
Microsoft Visual Studio Solution File, Format Version 12.00
# Visual Studio 2012
Project("{FAE04EC0-301F-11D3-BF4B-00C04F79EFBC}") = "YouTrack.Rest", "YouTrack.Rest\YouTrack.Rest.csproj", "{DF17421E-5AF6-4855-9CB7-73D075CCC9F7}"
EndProject
Project("{FAE04EC0-301F-11D3-BF4B-00C04F79EFBC}") = "YTConsole", "YTConsole\YTConsole.csproj", "{5E44B9A0-E440-4B93-9F2A-0D8349C7FD59}"
EndProject
Global
	GlobalSection(SolutionConfigurationPlatforms) = preSolution
		Debug|Any CPU = Debug|Any CPU
		Debug|Mixed Platforms = Debug|Mixed Platforms
		Debug|x86 = Debug|x86
		Release|Any CPU = Release|Any CPU
		Release|Mixed Platforms = Release|Mixed Platforms
		Release|x86 = Release|x86
	EndGlobalSection
	GlobalSection(ProjectConfigurationPlatforms) = postSolution
		{DF17421E-5AF6-4855-9CB7-73D075CCC9F7}.Debug|Any CPU.ActiveCfg = Debug|Any CPU
		{DF17421E-5AF6-4855-9CB7-73D075CCC9F7}.Debug|Any CPU.Build.0 = Debug|Any CPU
		{DF17421E-5AF6-4855-9CB7-73D075CCC9F7}.Debug|Mixed Platforms.ActiveCfg = Debug|Any CPU
		{DF17421E-5AF6-4855-9CB7-73D075CCC9F7}.Debug|Mixed Platforms.Build.0 = Debug|Any CPU
		{DF17421E-5AF6-4855-9CB7-73D075CCC9F7}.Debug|x86.ActiveCfg = Debug|Any CPU
		{DF17421E-5AF6-4855-9CB7-73D075CCC9F7}.Release|Any CPU.ActiveCfg = Release|Any CPU
		{DF17421E-5AF6-4855-9CB7-73D075CCC9F7}.Release|Any CPU.Build.0 = Release|Any CPU
		{DF17421E-5AF6-4855-9CB7-73D075CCC9F7}.Release|Mixed Platforms.ActiveCfg = Release|Any CPU
		{DF17421E-5AF6-4855-9CB7-73D075CCC9F7}.Release|Mixed Platforms.Build.0 = Release|Any CPU
		{DF17421E-5AF6-4855-9CB7-73D075CCC9F7}.Release|x86.ActiveCfg = Release|Any CPU
		{5E44B9A0-E440-4B93-9F2A-0D8349C7FD59}.Debug|Any CPU.ActiveCfg = Debug|Any CPU
		{5E44B9A0-E440-4B93-9F2A-0D8349C7FD59}.Debug|Any CPU.Build.0 = Debug|Any CPU
		{5E44B9A0-E440-4B93-9F2A-0D8349C7FD59}.Debug|Mixed Platforms.ActiveCfg = Debug|Any CPU
		{5E44B9A0-E440-4B93-9F2A-0D8349C7FD59}.Debug|Mixed Platforms.Build.0 = Debug|Any CPU
		{5E44B9A0-E440-4B93-9F2A-0D8349C7FD59}.Debug|x86.ActiveCfg = Debug|Any CPU
		{5E44B9A0-E440-4B93-9F2A-0D8349C7FD59}.Debug|x86.Build.0 = Debug|Any CPU
		{5E44B9A0-E440-4B93-9F2A-0D8349C7FD59}.Release|Any CPU.ActiveCfg = Release|Any CPU
		{5E44B9A0-E440-4B93-9F2A-0D8349C7FD59}.Release|Any CPU.Build.0 = Release|Any CPU
		{5E44B9A0-E440-4B93-9F2A-0D8349C7FD59}.Release|Mixed Platforms.ActiveCfg = Release|Any CPU
		{5E44B9A0-E440-4B93-9F2A-0D8349C7FD59}.Release|Mixed Platforms.Build.0 = Release|Any CPU
		{5E44B9A0-E440-4B93-9F2A-0D8349C7FD59}.Release|x86.ActiveCfg = Release|Any CPU
		{5E44B9A0-E440-4B93-9F2A-0D8349C7FD59}.Release|x86.Build.0 = Release|Any CPU
	EndGlobalSection
	GlobalSection(SolutionProperties) = preSolution
		HideSolutionNode = FALSE
	EndGlobalSection
	GlobalSection(NestedProjects) = preSolution
	EndGlobalSection
EndGlobal
